
Microsoft Visual Studio Solution File, Format Version 12.00
# Visual Studio Version 17
VisualStudioVersion = 17.3.32825.248
MinimumVisualStudioVersion = 10.0.40219.1
Project("{9A19103F-16F7-4668-BE54-9A1E7A4F7556}") = "mteams", "mteams.csproj", "{0ABC3CBB-B55F-4FA1-9207-46209A380B07}"
EndProject
Global
	GlobalSection(SolutionConfigurationPlatforms) = preSolution
		Debug|Any CPU = Debug|Any CPU
		Release|Any CPU = Release|Any CPU
	EndGlobalSection
	GlobalSection(ProjectConfigurationPlatforms) = postSolution
		{0ABC3CBB-B55F-4FA1-9207-46209A380B07}.Debug|Any CPU.ActiveCfg = Debug|Any CPU
		{0ABC3CBB-B55F-4FA1-9207-46209A380B07}.Debug|Any CPU.Build.0 = Debug|Any CPU
		{0ABC3CBB-B55F-4FA1-9207-46209A380B07}.Release|Any CPU.ActiveCfg = Release|Any CPU
		{0ABC3CBB-B55F-4FA1-9207-46209A380B07}.Release|Any CPU.Build.0 = Release|Any CPU
	EndGlobalSection
	GlobalSection(SolutionProperties) = preSolution
		HideSolutionNode = FALSE
	EndGlobalSection
	GlobalSection(ExtensibilityGlobals) = postSolution
		SolutionGuid = {213A9D45-9D1E-4BA9-AFC1-1C8920232915}
	EndGlobalSection
EndGlobal
